{
  "name": "component",
  "version": "1.0.0",
  "lockfileVersion": 1,
  "requires": true,
  "dependencies": {
    "component": {
      "version": "github:marchuanv/component#d6a4e4ac2553e6a6269eb492b4d83a40cc6fcf45",
      "from": "github:marchuanv/component"
    },
    "component.delegate": {
      "version": "github:marchuanv/component.delegate#43ae988d2a782e3afcb987f6a8e89f89f203093e",
      "from": "github:marchuanv/component.delegate",
      "requires": {
        "component": "github:marchuanv/component",
        "utils": "github:marchuanv/utils"
      }
    },
    "utils": {
      "version": "github:marchuanv/utils#3815045a6d4d37009a90eb10e50566118bb1d8f9",
      "from": "github:marchuanv/utils"
    }
  }
}
