{
  "name": "component",
  "version": "1.0.0",
  "lockfileVersion": 1,
  "requires": true,
  "dependencies": {
    "component": {
      "version": "github:marchuanv/component#41acfbd3a13e9f75ac2b69b9627ee8e4c5683ce3",
      "from": "github:marchuanv/component",
      "requires": {
        "component.delegate": "github:marchuanv/component.delegate"
      }
    },
    "component.delegate": {
      "version": "github:marchuanv/component.delegate#43ae988d2a782e3afcb987f6a8e89f89f203093e",
      "from": "github:marchuanv/component.delegate",
      "requires": {
        "component": "github:marchuanv/component",
        "utils": "github:marchuanv/utils"
      }
    },
    "utils": {
      "version": "github:marchuanv/utils#3815045a6d4d37009a90eb10e50566118bb1d8f9",
      "from": "github:marchuanv/utils"
    }
  }
}
