{
  "name": "component",
  "version": "1.0.0",
  "lockfileVersion": 1,
  "requires": true,
  "dependencies": {
    "component.delegate": {
      "version": "github:marchuanv/component.delegate#4319e2a1f399144c2bca5d9e0c06635f7ea90cfd",
      "from": "github:marchuanv/component.delegate",
      "requires": {
        "utils": "github:marchuanv/utils"
      }
    },
    "utils": {
      "version": "github:marchuanv/utils#3815045a6d4d37009a90eb10e50566118bb1d8f9",
      "from": "github:marchuanv/utils"
    }
  }
}
